<?xml version="1.0" encoding="utf-8"?>
<Project ToolsVersion="4.0" xmlns="http://schemas.microsoft.com/developer/msbuild/2003">
  <ItemGroup>
    <ClCompile Include="World\Objects\CoordinatesAxes.cpp" />
    <ClCompile Include="World\Objects\Cube.cpp" />
    <ClCompile Include="World\Chunks\CubePalette.cpp" />
    <ClCompile Include="Game.cpp" />
    <ClCompile Include="util\PerlinNoise.cpp" />
    <ClCompile Include="Render\Camera.cpp" />
    <ClCompile Include="glad.c" />
    <ClCompile Include="main.cpp" />
    <ClCompile Include="Render\Shader.cpp" />
  </ItemGroup>
  <ItemGroup>
    <ClInclude Include="World\Chunks\Chunk.h" />
    <ClInclude Include="World\Objects\CoordinatesAxes.h" />
    <ClInclude Include="World\Objects\Cube.h" />
    <ClInclude Include="World\Chunks\CubePalette.h" />
    <ClInclude Include="Game.h" />
    <ClInclude Include="util\PerlinNoise.h" />
    <ClInclude Include="Render\Camera.h" />
    <ClInclude Include="Render\Shader.h" />
    <ClInclude Include="util\FileUtil.h" />
  </ItemGroup>
  <ItemGroup>
    <Image Include="res\textures\grass.jpg" />
  </ItemGroup>
  <ItemGroup>
    <None Include="res\shaders\fragmentShader.shader" />
    <None Include="res\shaders\vertexShader.shader" />
  </ItemGroup>
  <ItemGroup>
    <Filter Include="NewFilter1">
      <UniqueIdentifier>{8ca26328-0c36-464e-a55e-17e60291acf0}</UniqueIdentifier>
    </Filter>
  </ItemGroup>
</Project>