<?xml version="1.0" encoding="utf-8"?>
<Project ToolsVersion="4.0" xmlns="http://schemas.microsoft.com/developer/msbuild/2003">
  <ItemGroup>
    <ClCompile Include="glad.c" />
    <ClCompile Include="main.cpp" />
    <ClCompile Include="VoxelWaffle\Render\Shader.cpp" />
    <ClCompile Include="VoxelWaffle\Render\Camera.cpp">
      <Filter>Render</Filter>
    </ClCompile>
    <ClCompile Include="VoxelWaffle\util\PerlinNoise.cpp">
      <Filter>Util</Filter>
    </ClCompile>
    <ClCompile Include="VoxelWaffle\World\Collision\Ray.cpp">
      <Filter>World</Filter>
    </ClCompile>
    <ClCompile Include="VoxelWaffle\World\Entities\Objects\Cube.cpp">
      <Filter>World</Filter>
    </ClCompile>
    <ClCompile Include="VoxelWaffle\World\Chunks\CubePalette.cpp">
      <Filter>World</Filter>
    </ClCompile>
    <ClCompile Include="VoxelWaffle\World\Collision\AABB.cpp">
      <Filter>World</Filter>
    </ClCompile>
    <ClCompile Include="VoxelWaffle\World\Entities\Objects\HighlightedCube.cpp" />
    <ClCompile Include="VoxelWaffle\World\World.cpp" />
    <ClCompile Include="VoxelWaffle\Render\Renderer.cpp" />
    <ClCompile Include="Game.cpp" />
    <ClCompile Include="VoxelWaffle\BaseGameEngine.cpp" />
    <ClCompile Include="VoxelWaffle\World\Entities\Entity.cpp" />
    <ClCompile Include="VoxelWaffle\World\Entities\Player.cpp" />
  </ItemGroup>
  <ItemGroup>
    <ClInclude Include="VoxelWaffle\Render\Shader.h" />
    <ClInclude Include="VoxelWaffle\Render\Camera.h">
      <Filter>Render</Filter>
    </ClInclude>
    <ClInclude Include="VoxelWaffle\util\PerlinNoise.h">
      <Filter>Util</Filter>
    </ClInclude>
    <ClInclude Include="VoxelWaffle\util\FileUtil.h">
      <Filter>Util</Filter>
    </ClInclude>
    <ClInclude Include="VoxelWaffle\World\Collision\Ray.h">
      <Filter>World</Filter>
    </ClInclude>
    <ClInclude Include="VoxelWaffle\World\Entities\Objects\Cube.h">
      <Filter>World</Filter>
    </ClInclude>
    <ClInclude Include="VoxelWaffle\World\Chunks\CubePalette.h">
      <Filter>World</Filter>
    </ClInclude>
    <ClInclude Include="VoxelWaffle\World\Chunks\Chunk.h">
      <Filter>World</Filter>
    </ClInclude>
    <ClInclude Include="VoxelWaffle\World\Collision\AABB.h">
      <Filter>World</Filter>
    </ClInclude>
    <ClInclude Include="VoxelWaffle\World\Entities\Objects\HighlightedCube.h" />
    <ClInclude Include="VoxelWaffle\World\World.h" />
    <ClInclude Include="VoxelWaffle\Render\Renderer.h" />
    <ClInclude Include="Game.h" />
    <ClInclude Include="VoxelWaffle\BaseGameEngine.h" />
    <ClInclude Include="VoxelWaffle\World\Entities\Entity.h" />
    <ClInclude Include="VoxelWaffle\World\Entities\Player.h" />
  </ItemGroup>
  <ItemGroup>
    <None Include="res\shaders\vertexShader.shader">
      <Filter>Util</Filter>
    </None>
    <None Include="res\shaders\fragmentShader.shader">
      <Filter>Util</Filter>
    </None>
    <None Include="res\shaders\fragmentColorShader.shader" />
    <None Include="res\shaders\vertexColorShader.shader" />
  </ItemGroup>
  <ItemGroup>
    <Filter Include="World">
      <UniqueIdentifier>{9aa3b0b5-5495-4c84-b3b7-81aa84c586f0}</UniqueIdentifier>
    </Filter>
    <Filter Include="Render">
      <UniqueIdentifier>{8ca26328-0c36-464e-a55e-17e60291acf0}</UniqueIdentifier>
    </Filter>
    <Filter Include="Util">
      <UniqueIdentifier>{5a4c9695-365e-4326-b437-a15c06155e2c}</UniqueIdentifier>
    </Filter>
  </ItemGroup>
  <ItemGroup>
    <Image Include="res\textures\grass.jpg">
      <Filter>Render</Filter>
    </Image>
    <Image Include="res\textures\stone.jpg" />
    <Image Include="res\textures\grass — kopia.jpg" />
  </ItemGroup>
</Project>